
Microsoft Visual Studio Solution File, Format Version 12.00
# Visual Studio Version 17
VisualStudioVersion = 17.0.31903.59
MinimumVisualStudioVersion = 10.0.40219.1
Project("{2150E333-8FDC-42A3-9474-1A3956D46DE8}") = "src", "src", "{827E0CD3-B72D-47B6-A68D-7590B98EB39B}"
EndProject
Project("{FAE04EC0-301F-11D3-BF4B-00C04F79EFBC}") = "RoraQuest.Api", "src\RoraQuest.Api\RoraQuest.Api.csproj", "{940A76C1-8CF7-4D55-8421-6968936DE5CD}"
EndProject
Project("{FAE04EC0-301F-11D3-BF4B-00C04F79EFBC}") = "RoraQuest.Infrastructure", "src\RoraQuest.Infrastructure\RoraQuest.Infrastructure.csproj", "{67280821-18F2-4B25-886D-617F84DFFCFC}"
EndProject
Project("{2150E333-8FDC-42A3-9474-1A3956D46DE8}") = "RoraQuest.Modules", "RoraQuest.Modules", "{3E0535B8-64D9-B5A7-5D1D-83BE4B07B3C3}"
EndProject
Project("{FAE04EC0-301F-11D3-BF4B-00C04F79EFBC}") = "CalendarIntegration", "src\RoraQuest.Modules\CalendarIntegration\CalendarIntegration.csproj", "{79AE7C75-5351-4BF2-A128-BF4EDDD48FA9}"
EndProject
Project("{FAE04EC0-301F-11D3-BF4B-00C04F79EFBC}") = "Checklist", "src\RoraQuest.Modules\Checklist\Checklist.csproj", "{614C4AF8-FC84-4035-BDE5-A71C02F6082A}"
EndProject
Project("{FAE04EC0-301F-11D3-BF4B-00C04F79EFBC}") = "IntegrationSettings", "src\RoraQuest.Modules\IntegrationSettings\IntegrationSettings.csproj", "{9FC5CB12-0A68-4BE1-BF57-719C9A73C79A}"
EndProject
Project("{FAE04EC0-301F-11D3-BF4B-00C04F79EFBC}") = "Notification", "src\RoraQuest.Modules\Notification\Notification.csproj", "{26B857A7-90EE-450C-B8C0-CF804371334A}"
EndProject
Project("{FAE04EC0-301F-11D3-BF4B-00C04F79EFBC}") = "PlanningRules", "src\RoraQuest.Modules\PlanningRules\PlanningRules.csproj", "{FDEDC16D-D816-4979-B402-E174CC89B361}"
EndProject
Project("{FAE04EC0-301F-11D3-BF4B-00C04F79EFBC}") = "Reports", "src\RoraQuest.Modules\Reports\Reports.csproj", "{563D2F07-5AB5-4359-A170-2CBC7A385F51}"
EndProject
Project("{FAE04EC0-301F-11D3-BF4B-00C04F79EFBC}") = "Scorecard", "src\RoraQuest.Modules\Scorecard\Scorecard.csproj", "{A7A2E190-0D16-490F-9132-5EF35FD0F48C}"
EndProject
Project("{FAE04EC0-301F-11D3-BF4B-00C04F79EFBC}") = "TaskManagement", "src\RoraQuest.Modules\TaskManagement\TaskManagement.csproj", "{5BECB418-1C2E-4919-85A0-385F98E76F93}"
EndProject
Project("{FAE04EC0-301F-11D3-BF4B-00C04F79EFBC}") = "Tracking", "src\RoraQuest.Modules\Tracking\Tracking.csproj", "{04F65518-6F53-4353-81E4-1BDB173A1BA0}"
EndProject
Project("{FAE04EC0-301F-11D3-BF4B-00C04F79EFBC}") = "RoraQuest.Shared", "src\RoraQuest.Shared\RoraQuest.Shared.csproj", "{A73261A4-3C56-45B4-8581-17B1CEE0A12D}"
EndProject
Global
	GlobalSection(SolutionConfigurationPlatforms) = preSolution
		Debug|Any CPU = Debug|Any CPU
		Debug|x64 = Debug|x64
		Debug|x86 = Debug|x86
		Release|Any CPU = Release|Any CPU
		Release|x64 = Release|x64
		Release|x86 = Release|x86
	EndGlobalSection
	GlobalSection(ProjectConfigurationPlatforms) = postSolution
		{940A76C1-8CF7-4D55-8421-6968936DE5CD}.Debug|Any CPU.ActiveCfg = Debug|Any CPU
		{940A76C1-8CF7-4D55-8421-6968936DE5CD}.Debug|Any CPU.Build.0 = Debug|Any CPU
		{940A76C1-8CF7-4D55-8421-6968936DE5CD}.Debug|x64.ActiveCfg = Debug|Any CPU
		{940A76C1-8CF7-4D55-8421-6968936DE5CD}.Debug|x64.Build.0 = Debug|Any CPU
		{940A76C1-8CF7-4D55-8421-6968936DE5CD}.Debug|x86.ActiveCfg = Debug|Any CPU
		{940A76C1-8CF7-4D55-8421-6968936DE5CD}.Debug|x86.Build.0 = Debug|Any CPU
		{940A76C1-8CF7-4D55-8421-6968936DE5CD}.Release|Any CPU.ActiveCfg = Release|Any CPU
		{940A76C1-8CF7-4D55-8421-6968936DE5CD}.Release|Any CPU.Build.0 = Release|Any CPU
		{940A76C1-8CF7-4D55-8421-6968936DE5CD}.Release|x64.ActiveCfg = Release|Any CPU
		{940A76C1-8CF7-4D55-8421-6968936DE5CD}.Release|x64.Build.0 = Release|Any CPU
		{940A76C1-8CF7-4D55-8421-6968936DE5CD}.Release|x86.ActiveCfg = Release|Any CPU
		{940A76C1-8CF7-4D55-8421-6968936DE5CD}.Release|x86.Build.0 = Release|Any CPU
		{67280821-18F2-4B25-886D-617F84DFFCFC}.Debug|Any CPU.ActiveCfg = Debug|Any CPU
		{67280821-18F2-4B25-886D-617F84DFFCFC}.Debug|Any CPU.Build.0 = Debug|Any CPU
		{67280821-18F2-4B25-886D-617F84DFFCFC}.Debug|x64.ActiveCfg = Debug|Any CPU
		{67280821-18F2-4B25-886D-617F84DFFCFC}.Debug|x64.Build.0 = Debug|Any CPU
		{67280821-18F2-4B25-886D-617F84DFFCFC}.Debug|x86.ActiveCfg = Debug|Any CPU
		{67280821-18F2-4B25-886D-617F84DFFCFC}.Debug|x86.Build.0 = Debug|Any CPU
		{67280821-18F2-4B25-886D-617F84DFFCFC}.Release|Any CPU.ActiveCfg = Release|Any CPU
		{67280821-18F2-4B25-886D-617F84DFFCFC}.Release|Any CPU.Build.0 = Release|Any CPU
		{67280821-18F2-4B25-886D-617F84DFFCFC}.Release|x64.ActiveCfg = Release|Any CPU
		{67280821-18F2-4B25-886D-617F84DFFCFC}.Release|x64.Build.0 = Release|Any CPU
		{67280821-18F2-4B25-886D-617F84DFFCFC}.Release|x86.ActiveCfg = Release|Any CPU
		{67280821-18F2-4B25-886D-617F84DFFCFC}.Release|x86.Build.0 = Release|Any CPU
		{79AE7C75-5351-4BF2-A128-BF4EDDD48FA9}.Debug|Any CPU.ActiveCfg = Debug|Any CPU
		{79AE7C75-5351-4BF2-A128-BF4EDDD48FA9}.Debug|Any CPU.Build.0 = Debug|Any CPU
		{79AE7C75-5351-4BF2-A128-BF4EDDD48FA9}.Debug|x64.ActiveCfg = Debug|Any CPU
		{79AE7C75-5351-4BF2-A128-BF4EDDD48FA9}.Debug|x64.Build.0 = Debug|Any CPU
		{79AE7C75-5351-4BF2-A128-BF4EDDD48FA9}.Debug|x86.ActiveCfg = Debug|Any CPU
		{79AE7C75-5351-4BF2-A128-BF4EDDD48FA9}.Debug|x86.Build.0 = Debug|Any CPU
		{79AE7C75-5351-4BF2-A128-BF4EDDD48FA9}.Release|Any CPU.ActiveCfg = Release|Any CPU
		{79AE7C75-5351-4BF2-A128-BF4EDDD48FA9}.Release|Any CPU.Build.0 = Release|Any CPU
		{79AE7C75-5351-4BF2-A128-BF4EDDD48FA9}.Release|x64.ActiveCfg = Release|Any CPU
		{79AE7C75-5351-4BF2-A128-BF4EDDD48FA9}.Release|x64.Build.0 = Release|Any CPU
		{79AE7C75-5351-4BF2-A128-BF4EDDD48FA9}.Release|x86.ActiveCfg = Release|Any CPU
		{79AE7C75-5351-4BF2-A128-BF4EDDD48FA9}.Release|x86.Build.0 = Release|Any CPU
		{614C4AF8-FC84-4035-BDE5-A71C02F6082A}.Debug|Any CPU.ActiveCfg = Debug|Any CPU
		{614C4AF8-FC84-4035-BDE5-A71C02F6082A}.Debug|Any CPU.Build.0 = Debug|Any CPU
		{614C4AF8-FC84-4035-BDE5-A71C02F6082A}.Debug|x64.ActiveCfg = Debug|Any CPU
		{614C4AF8-FC84-4035-BDE5-A71C02F6082A}.Debug|x64.Build.0 = Debug|Any CPU
		{614C4AF8-FC84-4035-BDE5-A71C02F6082A}.Debug|x86.ActiveCfg = Debug|Any CPU
		{614C4AF8-FC84-4035-BDE5-A71C02F6082A}.Debug|x86.Build.0 = Debug|Any CPU
		{614C4AF8-FC84-4035-BDE5-A71C02F6082A}.Release|Any CPU.ActiveCfg = Release|Any CPU
		{614C4AF8-FC84-4035-BDE5-A71C02F6082A}.Release|Any CPU.Build.0 = Release|Any CPU
		{614C4AF8-FC84-4035-BDE5-A71C02F6082A}.Release|x64.ActiveCfg = Release|Any CPU
		{614C4AF8-FC84-4035-BDE5-A71C02F6082A}.Release|x64.Build.0 = Release|Any CPU
		{614C4AF8-FC84-4035-BDE5-A71C02F6082A}.Release|x86.ActiveCfg = Release|Any CPU
		{614C4AF8-FC84-4035-BDE5-A71C02F6082A}.Release|x86.Build.0 = Release|Any CPU
		{9FC5CB12-0A68-4BE1-BF57-719C9A73C79A}.Debug|Any CPU.ActiveCfg = Debug|Any CPU
		{9FC5CB12-0A68-4BE1-BF57-719C9A73C79A}.Debug|Any CPU.Build.0 = Debug|Any CPU
		{9FC5CB12-0A68-4BE1-BF57-719C9A73C79A}.Debug|x64.ActiveCfg = Debug|Any CPU
		{9FC5CB12-0A68-4BE1-BF57-719C9A73C79A}.Debug|x64.Build.0 = Debug|Any CPU
		{9FC5CB12-0A68-4BE1-BF57-719C9A73C79A}.Debug|x86.ActiveCfg = Debug|Any CPU
		{9FC5CB12-0A68-4BE1-BF57-719C9A73C79A}.Debug|x86.Build.0 = Debug|Any CPU
		{9FC5CB12-0A68-4BE1-BF57-719C9A73C79A}.Release|Any CPU.ActiveCfg = Release|Any CPU
		{9FC5CB12-0A68-4BE1-BF57-719C9A73C79A}.Release|Any CPU.Build.0 = Release|Any CPU
		{9FC5CB12-0A68-4BE1-BF57-719C9A73C79A}.Release|x64.ActiveCfg = Release|Any CPU
		{9FC5CB12-0A68-4BE1-BF57-719C9A73C79A}.Release|x64.Build.0 = Release|Any CPU
		{9FC5CB12-0A68-4BE1-BF57-719C9A73C79A}.Release|x86.ActiveCfg = Release|Any CPU
		{9FC5CB12-0A68-4BE1-BF57-719C9A73C79A}.Release|x86.Build.0 = Release|Any CPU
		{26B857A7-90EE-450C-B8C0-CF804371334A}.Debug|Any CPU.ActiveCfg = Debug|Any CPU
		{26B857A7-90EE-450C-B8C0-CF804371334A}.Debug|Any CPU.Build.0 = Debug|Any CPU
		{26B857A7-90EE-450C-B8C0-CF804371334A}.Debug|x64.ActiveCfg = Debug|Any CPU
		{26B857A7-90EE-450C-B8C0-CF804371334A}.Debug|x64.Build.0 = Debug|Any CPU
		{26B857A7-90EE-450C-B8C0-CF804371334A}.Debug|x86.ActiveCfg = Debug|Any CPU
		{26B857A7-90EE-450C-B8C0-CF804371334A}.Debug|x86.Build.0 = Debug|Any CPU
		{26B857A7-90EE-450C-B8C0-CF804371334A}.Release|Any CPU.ActiveCfg = Release|Any CPU
		{26B857A7-90EE-450C-B8C0-CF804371334A}.Release|Any CPU.Build.0 = Release|Any CPU
		{26B857A7-90EE-450C-B8C0-CF804371334A}.Release|x64.ActiveCfg = Release|Any CPU
		{26B857A7-90EE-450C-B8C0-CF804371334A}.Release|x64.Build.0 = Release|Any CPU
		{26B857A7-90EE-450C-B8C0-CF804371334A}.Release|x86.ActiveCfg = Release|Any CPU
		{26B857A7-90EE-450C-B8C0-CF804371334A}.Release|x86.Build.0 = Release|Any CPU
		{FDEDC16D-D816-4979-B402-E174CC89B361}.Debug|Any CPU.ActiveCfg = Debug|Any CPU
		{FDEDC16D-D816-4979-B402-E174CC89B361}.Debug|Any CPU.Build.0 = Debug|Any CPU
		{FDEDC16D-D816-4979-B402-E174CC89B361}.Debug|x64.ActiveCfg = Debug|Any CPU
		{FDEDC16D-D816-4979-B402-E174CC89B361}.Debug|x64.Build.0 = Debug|Any CPU
		{FDEDC16D-D816-4979-B402-E174CC89B361}.Debug|x86.ActiveCfg = Debug|Any CPU
		{FDEDC16D-D816-4979-B402-E174CC89B361}.Debug|x86.Build.0 = Debug|Any CPU
		{FDEDC16D-D816-4979-B402-E174CC89B361}.Release|Any CPU.ActiveCfg = Release|Any CPU
		{FDEDC16D-D816-4979-B402-E174CC89B361}.Release|Any CPU.Build.0 = Release|Any CPU
		{FDEDC16D-D816-4979-B402-E174CC89B361}.Release|x64.ActiveCfg = Release|Any CPU
		{FDEDC16D-D816-4979-B402-E174CC89B361}.Release|x64.Build.0 = Release|Any CPU
		{FDEDC16D-D816-4979-B402-E174CC89B361}.Release|x86.ActiveCfg = Release|Any CPU
		{FDEDC16D-D816-4979-B402-E174CC89B361}.Release|x86.Build.0 = Release|Any CPU
		{563D2F07-5AB5-4359-A170-2CBC7A385F51}.Debug|Any CPU.ActiveCfg = Debug|Any CPU
		{563D2F07-5AB5-4359-A170-2CBC7A385F51}.Debug|Any CPU.Build.0 = Debug|Any CPU
		{563D2F07-5AB5-4359-A170-2CBC7A385F51}.Debug|x64.ActiveCfg = Debug|Any CPU
		{563D2F07-5AB5-4359-A170-2CBC7A385F51}.Debug|x64.Build.0 = Debug|Any CPU
		{563D2F07-5AB5-4359-A170-2CBC7A385F51}.Debug|x86.ActiveCfg = Debug|Any CPU
		{563D2F07-5AB5-4359-A170-2CBC7A385F51}.Debug|x86.Build.0 = Debug|Any CPU
		{563D2F07-5AB5-4359-A170-2CBC7A385F51}.Release|Any CPU.ActiveCfg = Release|Any CPU
		{563D2F07-5AB5-4359-A170-2CBC7A385F51}.Release|Any CPU.Build.0 = Release|Any CPU
		{563D2F07-5AB5-4359-A170-2CBC7A385F51}.Release|x64.ActiveCfg = Release|Any CPU
		{563D2F07-5AB5-4359-A170-2CBC7A385F51}.Release|x64.Build.0 = Release|Any CPU
		{563D2F07-5AB5-4359-A170-2CBC7A385F51}.Release|x86.ActiveCfg = Release|Any CPU
		{563D2F07-5AB5-4359-A170-2CBC7A385F51}.Release|x86.Build.0 = Release|Any CPU
		{A7A2E190-0D16-490F-9132-5EF35FD0F48C}.Debug|Any CPU.ActiveCfg = Debug|Any CPU
		{A7A2E190-0D16-490F-9132-5EF35FD0F48C}.Debug|Any CPU.Build.0 = Debug|Any CPU
		{A7A2E190-0D16-490F-9132-5EF35FD0F48C}.Debug|x64.ActiveCfg = Debug|Any CPU
		{A7A2E190-0D16-490F-9132-5EF35FD0F48C}.Debug|x64.Build.0 = Debug|Any CPU
		{A7A2E190-0D16-490F-9132-5EF35FD0F48C}.Debug|x86.ActiveCfg = Debug|Any CPU
		{A7A2E190-0D16-490F-9132-5EF35FD0F48C}.Debug|x86.Build.0 = Debug|Any CPU
		{A7A2E190-0D16-490F-9132-5EF35FD0F48C}.Release|Any CPU.ActiveCfg = Release|Any CPU
		{A7A2E190-0D16-490F-9132-5EF35FD0F48C}.Release|Any CPU.Build.0 = Release|Any CPU
		{A7A2E190-0D16-490F-9132-5EF35FD0F48C}.Release|x64.ActiveCfg = Release|Any CPU
		{A7A2E190-0D16-490F-9132-5EF35FD0F48C}.Release|x64.Build.0 = Release|Any CPU
		{A7A2E190-0D16-490F-9132-5EF35FD0F48C}.Release|x86.ActiveCfg = Release|Any CPU
		{A7A2E190-0D16-490F-9132-5EF35FD0F48C}.Release|x86.Build.0 = Release|Any CPU
		{5BECB418-1C2E-4919-85A0-385F98E76F93}.Debug|Any CPU.ActiveCfg = Debug|Any CPU
		{5BECB418-1C2E-4919-85A0-385F98E76F93}.Debug|Any CPU.Build.0 = Debug|Any CPU
		{5BECB418-1C2E-4919-85A0-385F98E76F93}.Debug|x64.ActiveCfg = Debug|Any CPU
		{5BECB418-1C2E-4919-85A0-385F98E76F93}.Debug|x64.Build.0 = Debug|Any CPU
		{5BECB418-1C2E-4919-85A0-385F98E76F93}.Debug|x86.ActiveCfg = Debug|Any CPU
		{5BECB418-1C2E-4919-85A0-385F98E76F93}.Debug|x86.Build.0 = Debug|Any CPU
		{5BECB418-1C2E-4919-85A0-385F98E76F93}.Release|Any CPU.ActiveCfg = Release|Any CPU
		{5BECB418-1C2E-4919-85A0-385F98E76F93}.Release|Any CPU.Build.0 = Release|Any CPU
		{5BECB418-1C2E-4919-85A0-385F98E76F93}.Release|x64.ActiveCfg = Release|Any CPU
		{5BECB418-1C2E-4919-85A0-385F98E76F93}.Release|x64.Build.0 = Release|Any CPU
		{5BECB418-1C2E-4919-85A0-385F98E76F93}.Release|x86.ActiveCfg = Release|Any CPU
		{5BECB418-1C2E-4919-85A0-385F98E76F93}.Release|x86.Build.0 = Release|Any CPU
		{04F65518-6F53-4353-81E4-1BDB173A1BA0}.Debug|Any CPU.ActiveCfg = Debug|Any CPU
		{04F65518-6F53-4353-81E4-1BDB173A1BA0}.Debug|Any CPU.Build.0 = Debug|Any CPU
		{04F65518-6F53-4353-81E4-1BDB173A1BA0}.Debug|x64.ActiveCfg = Debug|Any CPU
		{04F65518-6F53-4353-81E4-1BDB173A1BA0}.Debug|x64.Build.0 = Debug|Any CPU
		{04F65518-6F53-4353-81E4-1BDB173A1BA0}.Debug|x86.ActiveCfg = Debug|Any CPU
		{04F65518-6F53-4353-81E4-1BDB173A1BA0}.Debug|x86.Build.0 = Debug|Any CPU
		{04F65518-6F53-4353-81E4-1BDB173A1BA0}.Release|Any CPU.ActiveCfg = Release|Any CPU
		{04F65518-6F53-4353-81E4-1BDB173A1BA0}.Release|Any CPU.Build.0 = Release|Any CPU
		{04F65518-6F53-4353-81E4-1BDB173A1BA0}.Release|x64.ActiveCfg = Release|Any CPU
		{04F65518-6F53-4353-81E4-1BDB173A1BA0}.Release|x64.Build.0 = Release|Any CPU
		{04F65518-6F53-4353-81E4-1BDB173A1BA0}.Release|x86.ActiveCfg = Release|Any CPU
		{04F65518-6F53-4353-81E4-1BDB173A1BA0}.Release|x86.Build.0 = Release|Any CPU
		{A73261A4-3C56-45B4-8581-17B1CEE0A12D}.Debug|Any CPU.ActiveCfg = Debug|Any CPU
		{A73261A4-3C56-45B4-8581-17B1CEE0A12D}.Debug|Any CPU.Build.0 = Debug|Any CPU
		{A73261A4-3C56-45B4-8581-17B1CEE0A12D}.Debug|x64.ActiveCfg = Debug|Any CPU
		{A73261A4-3C56-45B4-8581-17B1CEE0A12D}.Debug|x64.Build.0 = Debug|Any CPU
		{A73261A4-3C56-45B4-8581-17B1CEE0A12D}.Debug|x86.ActiveCfg = Debug|Any CPU
		{A73261A4-3C56-45B4-8581-17B1CEE0A12D}.Debug|x86.Build.0 = Debug|Any CPU
		{A73261A4-3C56-45B4-8581-17B1CEE0A12D}.Release|Any CPU.ActiveCfg = Release|Any CPU
		{A73261A4-3C56-45B4-8581-17B1CEE0A12D}.Release|Any CPU.Build.0 = Release|Any CPU
		{A73261A4-3C56-45B4-8581-17B1CEE0A12D}.Release|x64.ActiveCfg = Release|Any CPU
		{A73261A4-3C56-45B4-8581-17B1CEE0A12D}.Release|x64.Build.0 = Release|Any CPU
		{A73261A4-3C56-45B4-8581-17B1CEE0A12D}.Release|x86.ActiveCfg = Release|Any CPU
		{A73261A4-3C56-45B4-8581-17B1CEE0A12D}.Release|x86.Build.0 = Release|Any CPU
	EndGlobalSection
	GlobalSection(SolutionProperties) = preSolution
		HideSolutionNode = FALSE
	EndGlobalSection
	GlobalSection(NestedProjects) = preSolution
		{940A76C1-8CF7-4D55-8421-6968936DE5CD} = {827E0CD3-B72D-47B6-A68D-7590B98EB39B}
		{67280821-18F2-4B25-886D-617F84DFFCFC} = {827E0CD3-B72D-47B6-A68D-7590B98EB39B}
		{3E0535B8-64D9-B5A7-5D1D-83BE4B07B3C3} = {827E0CD3-B72D-47B6-A68D-7590B98EB39B}
		{79AE7C75-5351-4BF2-A128-BF4EDDD48FA9} = {3E0535B8-64D9-B5A7-5D1D-83BE4B07B3C3}
		{614C4AF8-FC84-4035-BDE5-A71C02F6082A} = {3E0535B8-64D9-B5A7-5D1D-83BE4B07B3C3}
		{9FC5CB12-0A68-4BE1-BF57-719C9A73C79A} = {3E0535B8-64D9-B5A7-5D1D-83BE4B07B3C3}
		{26B857A7-90EE-450C-B8C0-CF804371334A} = {3E0535B8-64D9-B5A7-5D1D-83BE4B07B3C3}
		{FDEDC16D-D816-4979-B402-E174CC89B361} = {3E0535B8-64D9-B5A7-5D1D-83BE4B07B3C3}
		{563D2F07-5AB5-4359-A170-2CBC7A385F51} = {3E0535B8-64D9-B5A7-5D1D-83BE4B07B3C3}
		{A7A2E190-0D16-490F-9132-5EF35FD0F48C} = {3E0535B8-64D9-B5A7-5D1D-83BE4B07B3C3}
		{5BECB418-1C2E-4919-85A0-385F98E76F93} = {3E0535B8-64D9-B5A7-5D1D-83BE4B07B3C3}
		{04F65518-6F53-4353-81E4-1BDB173A1BA0} = {3E0535B8-64D9-B5A7-5D1D-83BE4B07B3C3}
		{A73261A4-3C56-45B4-8581-17B1CEE0A12D} = {827E0CD3-B72D-47B6-A68D-7590B98EB39B}
	EndGlobalSection
EndGlobal
